
Microsoft Visual Studio Solution File, Format Version 12.00
# Visual Studio 15
Project("{FAE04EC0-301F-11D3-BF4B-00C04F79EFBC}") = "Assembly-CSharp", "Assembly-CSharp.csproj", "{DAD19BDD-1538-576F-E25C-2A1F8BA3ACEB}"
EndProject
Global
	GlobalSection(SolutionConfigurationPlatforms) = preSolution
		Debug|Any CPU = Debug|Any CPU
		Release|Any CPU = Release|Any CPU
	EndGlobalSection
	GlobalSection(ProjectConfigurationPlatforms) = postSolution
		{DAD19BDD-1538-576F-E25C-2A1F8BA3ACEB}.Debug|Any CPU.ActiveCfg = Debug|Any CPU
		{DAD19BDD-1538-576F-E25C-2A1F8BA3ACEB}.Debug|Any CPU.Build.0 = Debug|Any CPU
		{DAD19BDD-1538-576F-E25C-2A1F8BA3ACEB}.Release|Any CPU.ActiveCfg = Release|Any CPU
		{DAD19BDD-1538-576F-E25C-2A1F8BA3ACEB}.Release|Any CPU.Build.0 = Release|Any CPU
	EndGlobalSection
	GlobalSection(SolutionProperties) = preSolution
		HideSolutionNode = FALSE
	EndGlobalSection
EndGlobal
